{
  "name": "quanyun",
  "version": "1.0.0",
  "lockfileVersion": 1,
  "requires": true,
  "dependencies": {
    "lin-ui": {
      "version": "0.7.5",
      "resolved": "https://registry.npmjs.org/lin-ui/-/lin-ui-0.7.5.tgz",
      "integrity": "sha512-/rYVDVBoTEqhtNkM9c5qk+R5JWC8XwSpfcZTdWQgPvSiarbcOBS9m3qYpw8V/Cd04GtQRe/joDXyLlWhGsZNQg=="
    }
  }
}
